
Microsoft Visual Studio Solution File, Format Version 12.00
# Visual Studio Version 16
VisualStudioVersion = 16.0.30413.136
MinimumVisualStudioVersion = 10.0.40219.1
Project("{FAE04EC0-301F-11D3-BF4B-00C04F79EFBC}") = "EmployeeMobileApp.Android", "EmployeeMobileApp\EmployeeMobileApp.Android\EmployeeMobileApp.Android.csproj", "{F5E028EA-D3FC-4181-B587-BF4A59EACE6D}"
EndProject
Project("{FAE04EC0-301F-11D3-BF4B-00C04F79EFBC}") = "EmployeeMobileApp", "EmployeeMobileApp\EmployeeMobileApp\EmployeeMobileApp.csproj", "{BB0D7BD4-9151-4807-94E1-B38098407A73}"
EndProject
Global
	GlobalSection(SolutionConfigurationPlatforms) = preSolution
		Debug|Any CPU = Debug|Any CPU
		Release|Any CPU = Release|Any CPU
	EndGlobalSection
	GlobalSection(ProjectConfigurationPlatforms) = postSolution
		{F5E028EA-D3FC-4181-B587-BF4A59EACE6D}.Debug|Any CPU.ActiveCfg = Debug|Any CPU
		{F5E028EA-D3FC-4181-B587-BF4A59EACE6D}.Debug|Any CPU.Build.0 = Debug|Any CPU
		{F5E028EA-D3FC-4181-B587-BF4A59EACE6D}.Debug|Any CPU.Deploy.0 = Debug|Any CPU
		{F5E028EA-D3FC-4181-B587-BF4A59EACE6D}.Release|Any CPU.ActiveCfg = Release|Any CPU
		{F5E028EA-D3FC-4181-B587-BF4A59EACE6D}.Release|Any CPU.Build.0 = Release|Any CPU
		{F5E028EA-D3FC-4181-B587-BF4A59EACE6D}.Release|Any CPU.Deploy.0 = Release|Any CPU
		{BB0D7BD4-9151-4807-94E1-B38098407A73}.Debug|Any CPU.ActiveCfg = Debug|Any CPU
		{BB0D7BD4-9151-4807-94E1-B38098407A73}.Debug|Any CPU.Build.0 = Debug|Any CPU
		{BB0D7BD4-9151-4807-94E1-B38098407A73}.Debug|Any CPU.Deploy.0 = Debug|Any CPU
		{BB0D7BD4-9151-4807-94E1-B38098407A73}.Release|Any CPU.ActiveCfg = Release|Any CPU
		{BB0D7BD4-9151-4807-94E1-B38098407A73}.Release|Any CPU.Build.0 = Release|Any CPU
		{BB0D7BD4-9151-4807-94E1-B38098407A73}.Release|Any CPU.Deploy.0 = Release|Any CPU
	EndGlobalSection
	GlobalSection(SolutionProperties) = preSolution
		HideSolutionNode = FALSE
	EndGlobalSection
	GlobalSection(ExtensibilityGlobals) = postSolution
		SolutionGuid = {078535C1-CFB2-42DD-81C3-30B6B886B6A1}
	EndGlobalSection
EndGlobal
